
Microsoft Visual Studio Solution File, Format Version 12.00
# Visual Studio 15
VisualStudioVersion = 15.0.28307.539
MinimumVisualStudioVersion = 10.0.40219.1
Project("{2150E333-8FDC-42A3-9474-1A3956D46DE8}") = "src", "src", "{E911D1C7-09EA-49E3-9896-2C4871336836}"
EndProject
Project("{FAE04EC0-301F-11D3-BF4B-00C04F79EFBC}") = "Architecture.Assert", "src\Architecture.Assert\Architecture.Assert.csproj", "{9ECDB8E3-6910-46CE-BF34-5055F897BB3A}"
EndProject
Project("{2150E333-8FDC-42A3-9474-1A3956D46DE8}") = "test", "test", "{0DEE006E-F797-4201-9393-8BC8EF0B34E5}"
EndProject
Project("{FAE04EC0-301F-11D3-BF4B-00C04F79EFBC}") = "Architecture.Assert.Test", "test\Architecture.Assert.Test\Architecture.Assert.Test.csproj", "{9AC00144-B08B-4EA0-B14B-F66A62A711AD}"
EndProject
Global
	GlobalSection(SolutionProperties) = preSolution
		HideSolutionNode = FALSE
	EndGlobalSection
	GlobalSection(ExtensibilityGlobals) = postSolution
		SolutionGuid = {959C8C12-C0AC-4927-9F4C-A47F2F4EEE02}
	EndGlobalSection
	GlobalSection(SolutionConfigurationPlatforms) = preSolution
		Debug|Any CPU = Debug|Any CPU
		Debug|x64 = Debug|x64
		Debug|x86 = Debug|x86
		Release|Any CPU = Release|Any CPU
		Release|x64 = Release|x64
		Release|x86 = Release|x86
	EndGlobalSection
	GlobalSection(ProjectConfigurationPlatforms) = postSolution
		{9ECDB8E3-6910-46CE-BF34-5055F897BB3A}.Debug|Any CPU.ActiveCfg = Debug|Any CPU
		{9ECDB8E3-6910-46CE-BF34-5055F897BB3A}.Debug|Any CPU.Build.0 = Debug|Any CPU
		{9ECDB8E3-6910-46CE-BF34-5055F897BB3A}.Debug|x64.ActiveCfg = Debug|Any CPU
		{9ECDB8E3-6910-46CE-BF34-5055F897BB3A}.Debug|x64.Build.0 = Debug|Any CPU
		{9ECDB8E3-6910-46CE-BF34-5055F897BB3A}.Debug|x86.ActiveCfg = Debug|Any CPU
		{9ECDB8E3-6910-46CE-BF34-5055F897BB3A}.Debug|x86.Build.0 = Debug|Any CPU
		{9ECDB8E3-6910-46CE-BF34-5055F897BB3A}.Release|Any CPU.ActiveCfg = Release|Any CPU
		{9ECDB8E3-6910-46CE-BF34-5055F897BB3A}.Release|Any CPU.Build.0 = Release|Any CPU
		{9ECDB8E3-6910-46CE-BF34-5055F897BB3A}.Release|x64.ActiveCfg = Release|Any CPU
		{9ECDB8E3-6910-46CE-BF34-5055F897BB3A}.Release|x64.Build.0 = Release|Any CPU
		{9ECDB8E3-6910-46CE-BF34-5055F897BB3A}.Release|x86.ActiveCfg = Release|Any CPU
		{9ECDB8E3-6910-46CE-BF34-5055F897BB3A}.Release|x86.Build.0 = Release|Any CPU
		{9AC00144-B08B-4EA0-B14B-F66A62A711AD}.Debug|Any CPU.ActiveCfg = Debug|Any CPU
		{9AC00144-B08B-4EA0-B14B-F66A62A711AD}.Debug|Any CPU.Build.0 = Debug|Any CPU
		{9AC00144-B08B-4EA0-B14B-F66A62A711AD}.Debug|x64.ActiveCfg = Debug|Any CPU
		{9AC00144-B08B-4EA0-B14B-F66A62A711AD}.Debug|x64.Build.0 = Debug|Any CPU
		{9AC00144-B08B-4EA0-B14B-F66A62A711AD}.Debug|x86.ActiveCfg = Debug|Any CPU
		{9AC00144-B08B-4EA0-B14B-F66A62A711AD}.Debug|x86.Build.0 = Debug|Any CPU
		{9AC00144-B08B-4EA0-B14B-F66A62A711AD}.Release|Any CPU.ActiveCfg = Release|Any CPU
		{9AC00144-B08B-4EA0-B14B-F66A62A711AD}.Release|Any CPU.Build.0 = Release|Any CPU
		{9AC00144-B08B-4EA0-B14B-F66A62A711AD}.Release|x64.ActiveCfg = Release|Any CPU
		{9AC00144-B08B-4EA0-B14B-F66A62A711AD}.Release|x64.Build.0 = Release|Any CPU
		{9AC00144-B08B-4EA0-B14B-F66A62A711AD}.Release|x86.ActiveCfg = Release|Any CPU
		{9AC00144-B08B-4EA0-B14B-F66A62A711AD}.Release|x86.Build.0 = Release|Any CPU
	EndGlobalSection
	GlobalSection(NestedProjects) = preSolution
		{9ECDB8E3-6910-46CE-BF34-5055F897BB3A} = {E911D1C7-09EA-49E3-9896-2C4871336836}
		{9AC00144-B08B-4EA0-B14B-F66A62A711AD} = {0DEE006E-F797-4201-9393-8BC8EF0B34E5}
	EndGlobalSection
EndGlobal
